
Microsoft Visual Studio Solution File, Format Version 12.00
# Visual Studio 15
VisualStudioVersion = 15.0.27703.2035
MinimumVisualStudioVersion = 10.0.40219.1
Project("{FAE04EC0-301F-11D3-BF4B-00C04F79EFBC}") = "webcore1", "webcore1\webcore1.csproj", "{3B689944-1494-4250-B6AC-F646A28F669D}"
EndProject
Global
	GlobalSection(SolutionConfigurationPlatforms) = preSolution
		Debug|Any CPU = Debug|Any CPU
		Release|Any CPU = Release|Any CPU
	EndGlobalSection
	GlobalSection(ProjectConfigurationPlatforms) = postSolution
		{3B689944-1494-4250-B6AC-F646A28F669D}.Debug|Any CPU.ActiveCfg = Debug|Any CPU
		{3B689944-1494-4250-B6AC-F646A28F669D}.Debug|Any CPU.Build.0 = Debug|Any CPU
		{3B689944-1494-4250-B6AC-F646A28F669D}.Release|Any CPU.ActiveCfg = Release|Any CPU
		{3B689944-1494-4250-B6AC-F646A28F669D}.Release|Any CPU.Build.0 = Release|Any CPU
	EndGlobalSection
	GlobalSection(SolutionProperties) = preSolution
		HideSolutionNode = FALSE
	EndGlobalSection
	GlobalSection(ExtensibilityGlobals) = postSolution
		SolutionGuid = {B020FAE4-825B-4AB7-A01D-A2AB7E784B69}
	EndGlobalSection
EndGlobal
